
Microsoft Visual Studio Solution File, Format Version 12.00
# Visual Studio Version 16
VisualStudioVersion = 16.0.31424.327
MinimumVisualStudioVersion = 10.0.40219.1
Project("{FAE04EC0-301F-11D3-BF4B-00C04F79EFBC}") = "MvvmCmdBinding", "MvvmCmdBinding\MvvmCmdBinding.csproj", "{0C9CD4D6-33CD-4DD9-964B-735E461004CA}"
EndProject
Project("{FAE04EC0-301F-11D3-BF4B-00C04F79EFBC}") = "HalconWPF", "HalconWPF\HalconWPF.csproj", "{1B174F02-9805-4430-BABB-740EC23D3245}"
EndProject
Project("{FAE04EC0-301F-11D3-BF4B-00C04F79EFBC}") = "Demos", "Demos\Demos.csproj", "{2EA87DA7-89BD-46C6-B1C1-C65E67BBBE05}"
EndProject
Project("{D954291E-2A0B-460D-934E-DC6B0785DB48}") = "GalaSoft.MvvmLight", "GalaSoft.MvvmLight\GalaSoft.MvvmLight.shproj", "{E0D724F3-A34B-4ADF-A582-139C4E4AB3CA}"
EndProject
Global
	GlobalSection(SharedMSBuildProjectFiles) = preSolution
		GalaSoft.MvvmLight\GalaSoft.MvvmLight.projitems*{0c9cd4d6-33cd-4dd9-964b-735e461004ca}*SharedItemsImports = 4
		GalaSoft.MvvmLight\GalaSoft.MvvmLight.projitems*{1b174f02-9805-4430-babb-740ec23d3245}*SharedItemsImports = 4
		GalaSoft.MvvmLight\GalaSoft.MvvmLight.projitems*{2ea87da7-89bd-46c6-b1c1-c65e67bbbe05}*SharedItemsImports = 4
		GalaSoft.MvvmLight\GalaSoft.MvvmLight.projitems*{e0d724f3-a34b-4adf-a582-139c4e4ab3ca}*SharedItemsImports = 13
	EndGlobalSection
	GlobalSection(SolutionConfigurationPlatforms) = preSolution
		Debug|Any CPU = Debug|Any CPU
		Debug|x64 = Debug|x64
		Debug|x86 = Debug|x86
		Release|Any CPU = Release|Any CPU
		Release|x64 = Release|x64
		Release|x86 = Release|x86
	EndGlobalSection
	GlobalSection(ProjectConfigurationPlatforms) = postSolution
		{0C9CD4D6-33CD-4DD9-964B-735E461004CA}.Debug|Any CPU.ActiveCfg = Debug|Any CPU
		{0C9CD4D6-33CD-4DD9-964B-735E461004CA}.Debug|Any CPU.Build.0 = Debug|Any CPU
		{0C9CD4D6-33CD-4DD9-964B-735E461004CA}.Debug|x64.ActiveCfg = Debug|Any CPU
		{0C9CD4D6-33CD-4DD9-964B-735E461004CA}.Debug|x64.Build.0 = Debug|Any CPU
		{0C9CD4D6-33CD-4DD9-964B-735E461004CA}.Debug|x86.ActiveCfg = Debug|Any CPU
		{0C9CD4D6-33CD-4DD9-964B-735E461004CA}.Debug|x86.Build.0 = Debug|Any CPU
		{0C9CD4D6-33CD-4DD9-964B-735E461004CA}.Release|Any CPU.ActiveCfg = Release|Any CPU
		{0C9CD4D6-33CD-4DD9-964B-735E461004CA}.Release|Any CPU.Build.0 = Release|Any CPU
		{0C9CD4D6-33CD-4DD9-964B-735E461004CA}.Release|x64.ActiveCfg = Release|Any CPU
		{0C9CD4D6-33CD-4DD9-964B-735E461004CA}.Release|x64.Build.0 = Release|Any CPU
		{0C9CD4D6-33CD-4DD9-964B-735E461004CA}.Release|x86.ActiveCfg = Release|Any CPU
		{0C9CD4D6-33CD-4DD9-964B-735E461004CA}.Release|x86.Build.0 = Release|Any CPU
		{1B174F02-9805-4430-BABB-740EC23D3245}.Debug|Any CPU.ActiveCfg = Debug|Any CPU
		{1B174F02-9805-4430-BABB-740EC23D3245}.Debug|Any CPU.Build.0 = Debug|Any CPU
		{1B174F02-9805-4430-BABB-740EC23D3245}.Debug|x64.ActiveCfg = Debug|Any CPU
		{1B174F02-9805-4430-BABB-740EC23D3245}.Debug|x64.Build.0 = Debug|Any CPU
		{1B174F02-9805-4430-BABB-740EC23D3245}.Debug|x86.ActiveCfg = Debug|Any CPU
		{1B174F02-9805-4430-BABB-740EC23D3245}.Debug|x86.Build.0 = Debug|Any CPU
		{1B174F02-9805-4430-BABB-740EC23D3245}.Release|Any CPU.ActiveCfg = Release|Any CPU
		{1B174F02-9805-4430-BABB-740EC23D3245}.Release|Any CPU.Build.0 = Release|Any CPU
		{1B174F02-9805-4430-BABB-740EC23D3245}.Release|x64.ActiveCfg = Release|Any CPU
		{1B174F02-9805-4430-BABB-740EC23D3245}.Release|x64.Build.0 = Release|Any CPU
		{1B174F02-9805-4430-BABB-740EC23D3245}.Release|x86.ActiveCfg = Release|Any CPU
		{1B174F02-9805-4430-BABB-740EC23D3245}.Release|x86.Build.0 = Release|Any CPU
		{2EA87DA7-89BD-46C6-B1C1-C65E67BBBE05}.Debug|Any CPU.ActiveCfg = Debug|Any CPU
		{2EA87DA7-89BD-46C6-B1C1-C65E67BBBE05}.Debug|Any CPU.Build.0 = Debug|Any CPU
		{2EA87DA7-89BD-46C6-B1C1-C65E67BBBE05}.Debug|x64.ActiveCfg = Debug|Any CPU
		{2EA87DA7-89BD-46C6-B1C1-C65E67BBBE05}.Debug|x64.Build.0 = Debug|Any CPU
		{2EA87DA7-89BD-46C6-B1C1-C65E67BBBE05}.Debug|x86.ActiveCfg = Debug|Any CPU
		{2EA87DA7-89BD-46C6-B1C1-C65E67BBBE05}.Debug|x86.Build.0 = Debug|Any CPU
		{2EA87DA7-89BD-46C6-B1C1-C65E67BBBE05}.Release|Any CPU.ActiveCfg = Release|Any CPU
		{2EA87DA7-89BD-46C6-B1C1-C65E67BBBE05}.Release|Any CPU.Build.0 = Release|Any CPU
		{2EA87DA7-89BD-46C6-B1C1-C65E67BBBE05}.Release|x64.ActiveCfg = Release|Any CPU
		{2EA87DA7-89BD-46C6-B1C1-C65E67BBBE05}.Release|x64.Build.0 = Release|Any CPU
		{2EA87DA7-89BD-46C6-B1C1-C65E67BBBE05}.Release|x86.ActiveCfg = Release|Any CPU
		{2EA87DA7-89BD-46C6-B1C1-C65E67BBBE05}.Release|x86.Build.0 = Release|Any CPU
	EndGlobalSection
	GlobalSection(SolutionProperties) = preSolution
		HideSolutionNode = FALSE
	EndGlobalSection
	GlobalSection(ExtensibilityGlobals) = postSolution
		SolutionGuid = {79770959-9388-492B-8E98-D33647011510}
	EndGlobalSection
EndGlobal
